{
  "name": "ERC20Truffle",
  "lockfileVersion": 2,
  "requires": true,
  "packages": {
    "": {
      "dependencies": {
        "@openzeppelin/contracts": "^4.7.3",
        "solidity": "^0.0.1"
      }
    },
    "node_modules/@openzeppelin/contracts": {
      "version": "4.7.3",
      "resolved": "https://registry.npmjs.org/@openzeppelin/contracts/-/contracts-4.7.3.tgz",
      "integrity": "sha512-dGRS0agJzu8ybo44pCIf3xBaPQN/65AIXNgK8+4gzKd5kbvlqyxryUYVLJv7fK98Seyd2hDZzVEHSWAh0Bt1Yw=="
    },
    "node_modules/solidity": {
      "version": "0.0.1",
      "resolved": "https://registry.npmjs.org/solidity/-/solidity-0.0.1.tgz",
      "integrity": "sha512-32RjRNI86JUiaJcjbp2mbttRqLvdEjZJV0qjxGz9TUlwZKOMxVVMGkwBq8A4aHvQNJqA9oydL6/eAwHzElmNyg=="
    }
  },
  "dependencies": {
    "@openzeppelin/contracts": {
      "version": "4.7.3",
      "resolved": "https://registry.npmjs.org/@openzeppelin/contracts/-/contracts-4.7.3.tgz",
      "integrity": "sha512-dGRS0agJzu8ybo44pCIf3xBaPQN/65AIXNgK8+4gzKd5kbvlqyxryUYVLJv7fK98Seyd2hDZzVEHSWAh0Bt1Yw=="
    },
    "solidity": {
      "version": "0.0.1",
      "resolved": "https://registry.npmjs.org/solidity/-/solidity-0.0.1.tgz",
      "integrity": "sha512-32RjRNI86JUiaJcjbp2mbttRqLvdEjZJV0qjxGz9TUlwZKOMxVVMGkwBq8A4aHvQNJqA9oydL6/eAwHzElmNyg=="
    }
  }
}
